{
  "meteor": {
    "git": "https://github.com/meteor/meteor.git",
    "branch": "auth",
    "commit": "02cf89a54b43102fbaf68657b7671e7f2791ea78"
  },
  "dependencies": {
    "basePackages": {
      "angularjs": {}
    },
    "packages": {
      "angularjs": {
        "git": "https://github.com/lvbreda/Meteor_angularjs.git",
        "tag": "v0.5.0",
        "commit": "d0364927b82d94406b05a1902dc66a1508b1505c"
      }
    }
  }
}
